
Microsoft Visual Studio Solution File, Format Version 12.00
# Visual Studio Version 17
VisualStudioVersion = 17.8.34330.188
MinimumVisualStudioVersion = 10.0.40219.1
Project("{9A19103F-16F7-4668-BE54-9A1E7A4F7556}") = "Domain", "Domain\Domain.csproj", "{B1BD1306-8C7D-4368-BFFF-A9B057DC354F}"
EndProject
Project("{9A19103F-16F7-4668-BE54-9A1E7A4F7556}") = "Infrastructure", "Infrastructure\Infrastructure.csproj", "{7D97E75C-9F5B-4178-8EDC-BE9B499B0E1A}"
EndProject
Project("{9A19103F-16F7-4668-BE54-9A1E7A4F7556}") = "Application", "Application\Application.csproj", "{A08138B1-D00E-4987-87E2-123C5510E979}"
EndProject
Project("{9A19103F-16F7-4668-BE54-9A1E7A4F7556}") = "Api", "Api\Api.csproj", "{D3F36738-4AED-42E3-8A9D-8996152467F8}"
EndProject
Project("{FAE04EC0-301F-11D3-BF4B-00C04F79EFBC}") = "Presentation", "Presentation\Presentation.csproj", "{EB92CADD-2C19-4987-9384-D1DC2436B020}"
EndProject
Global
	GlobalSection(SolutionConfigurationPlatforms) = preSolution
		Debug|Any CPU = Debug|Any CPU
		Release|Any CPU = Release|Any CPU
	EndGlobalSection
	GlobalSection(ProjectConfigurationPlatforms) = postSolution
		{B1BD1306-8C7D-4368-BFFF-A9B057DC354F}.Debug|Any CPU.ActiveCfg = Debug|Any CPU
		{B1BD1306-8C7D-4368-BFFF-A9B057DC354F}.Debug|Any CPU.Build.0 = Debug|Any CPU
		{B1BD1306-8C7D-4368-BFFF-A9B057DC354F}.Release|Any CPU.ActiveCfg = Release|Any CPU
		{B1BD1306-8C7D-4368-BFFF-A9B057DC354F}.Release|Any CPU.Build.0 = Release|Any CPU
		{7D97E75C-9F5B-4178-8EDC-BE9B499B0E1A}.Debug|Any CPU.ActiveCfg = Debug|Any CPU
		{7D97E75C-9F5B-4178-8EDC-BE9B499B0E1A}.Debug|Any CPU.Build.0 = Debug|Any CPU
		{7D97E75C-9F5B-4178-8EDC-BE9B499B0E1A}.Release|Any CPU.ActiveCfg = Release|Any CPU
		{7D97E75C-9F5B-4178-8EDC-BE9B499B0E1A}.Release|Any CPU.Build.0 = Release|Any CPU
		{A08138B1-D00E-4987-87E2-123C5510E979}.Debug|Any CPU.ActiveCfg = Debug|Any CPU
		{A08138B1-D00E-4987-87E2-123C5510E979}.Debug|Any CPU.Build.0 = Debug|Any CPU
		{A08138B1-D00E-4987-87E2-123C5510E979}.Release|Any CPU.ActiveCfg = Release|Any CPU
		{A08138B1-D00E-4987-87E2-123C5510E979}.Release|Any CPU.Build.0 = Release|Any CPU
		{D3F36738-4AED-42E3-8A9D-8996152467F8}.Debug|Any CPU.ActiveCfg = Debug|Any CPU
		{D3F36738-4AED-42E3-8A9D-8996152467F8}.Debug|Any CPU.Build.0 = Debug|Any CPU
		{D3F36738-4AED-42E3-8A9D-8996152467F8}.Release|Any CPU.ActiveCfg = Release|Any CPU
		{D3F36738-4AED-42E3-8A9D-8996152467F8}.Release|Any CPU.Build.0 = Release|Any CPU
		{EB92CADD-2C19-4987-9384-D1DC2436B020}.Debug|Any CPU.ActiveCfg = Debug|Any CPU
		{EB92CADD-2C19-4987-9384-D1DC2436B020}.Debug|Any CPU.Build.0 = Debug|Any CPU
		{EB92CADD-2C19-4987-9384-D1DC2436B020}.Release|Any CPU.ActiveCfg = Release|Any CPU
		{EB92CADD-2C19-4987-9384-D1DC2436B020}.Release|Any CPU.Build.0 = Release|Any CPU
	EndGlobalSection
	GlobalSection(SolutionProperties) = preSolution
		HideSolutionNode = FALSE
	EndGlobalSection
	GlobalSection(ExtensibilityGlobals) = postSolution
		SolutionGuid = {90C3E953-EEE8-4CC6-BA95-18F95AAAC8AB}
	EndGlobalSection
EndGlobal
