
Microsoft Visual Studio Solution File, Format Version 12.00
Project("{FAE04EC0-301F-11D3-BF4B-00C04F79EFBC}") = "Api", "Api\Api.csproj", "{F4F622AF-BCD7-4FBF-906D-F8D2972E3528}"
EndProject
Project("{FAE04EC0-301F-11D3-BF4B-00C04F79EFBC}") = "Domain", "Domain\Domain.csproj", "{55F18057-E74E-4D34-BB4E-00FFE5DF5415}"
EndProject
Project("{FAE04EC0-301F-11D3-BF4B-00C04F79EFBC}") = "Infastracted", "Infastracted\Infastracted.csproj", "{5D62A3F2-7E16-4ABE-89C8-14CD1D7C4763}"
EndProject
Project("{FAE04EC0-301F-11D3-BF4B-00C04F79EFBC}") = "Services", "Services\Services.csproj", "{52F8F235-E5DA-4D9C-A8DB-2A0AA82E2D14}"
EndProject
Project("{2150E333-8FDC-42A3-9474-1A3956D46DE8}") = "Libs", "Libs", "{54D29BD2-8E80-4548-8609-34ADE9D4A4F6}"
EndProject
Project("{FAE04EC0-301F-11D3-BF4B-00C04F79EFBC}") = "ExampleCore", "..\Libs\ExampleCore\ExampleCore.csproj", "{96FCED5E-7E09-43CA-B2D2-54A41F301F53}"
EndProject
Project("{FAE04EC0-301F-11D3-BF4B-00C04F79EFBC}") = "ProfileConnectionLib", "..\Libs\ProfileConnectionLib\ProfileConnectionLib.csproj", "{B4A40C40-2E7B-4125-80C9-5B84D0DEE953}"
EndProject
Global
	GlobalSection(SolutionConfigurationPlatforms) = preSolution
		Debug|Any CPU = Debug|Any CPU
		Release|Any CPU = Release|Any CPU
	EndGlobalSection
	GlobalSection(ProjectConfigurationPlatforms) = postSolution
		{F4F622AF-BCD7-4FBF-906D-F8D2972E3528}.Debug|Any CPU.ActiveCfg = Debug|Any CPU
		{F4F622AF-BCD7-4FBF-906D-F8D2972E3528}.Debug|Any CPU.Build.0 = Debug|Any CPU
		{F4F622AF-BCD7-4FBF-906D-F8D2972E3528}.Release|Any CPU.ActiveCfg = Release|Any CPU
		{F4F622AF-BCD7-4FBF-906D-F8D2972E3528}.Release|Any CPU.Build.0 = Release|Any CPU
		{55F18057-E74E-4D34-BB4E-00FFE5DF5415}.Debug|Any CPU.ActiveCfg = Debug|Any CPU
		{55F18057-E74E-4D34-BB4E-00FFE5DF5415}.Debug|Any CPU.Build.0 = Debug|Any CPU
		{55F18057-E74E-4D34-BB4E-00FFE5DF5415}.Release|Any CPU.ActiveCfg = Release|Any CPU
		{55F18057-E74E-4D34-BB4E-00FFE5DF5415}.Release|Any CPU.Build.0 = Release|Any CPU
		{5D62A3F2-7E16-4ABE-89C8-14CD1D7C4763}.Debug|Any CPU.ActiveCfg = Debug|Any CPU
		{5D62A3F2-7E16-4ABE-89C8-14CD1D7C4763}.Debug|Any CPU.Build.0 = Debug|Any CPU
		{5D62A3F2-7E16-4ABE-89C8-14CD1D7C4763}.Release|Any CPU.ActiveCfg = Release|Any CPU
		{5D62A3F2-7E16-4ABE-89C8-14CD1D7C4763}.Release|Any CPU.Build.0 = Release|Any CPU
		{52F8F235-E5DA-4D9C-A8DB-2A0AA82E2D14}.Debug|Any CPU.ActiveCfg = Debug|Any CPU
		{52F8F235-E5DA-4D9C-A8DB-2A0AA82E2D14}.Debug|Any CPU.Build.0 = Debug|Any CPU
		{52F8F235-E5DA-4D9C-A8DB-2A0AA82E2D14}.Release|Any CPU.ActiveCfg = Release|Any CPU
		{52F8F235-E5DA-4D9C-A8DB-2A0AA82E2D14}.Release|Any CPU.Build.0 = Release|Any CPU
		{96FCED5E-7E09-43CA-B2D2-54A41F301F53}.Debug|Any CPU.ActiveCfg = Debug|Any CPU
		{96FCED5E-7E09-43CA-B2D2-54A41F301F53}.Debug|Any CPU.Build.0 = Debug|Any CPU
		{96FCED5E-7E09-43CA-B2D2-54A41F301F53}.Release|Any CPU.ActiveCfg = Release|Any CPU
		{96FCED5E-7E09-43CA-B2D2-54A41F301F53}.Release|Any CPU.Build.0 = Release|Any CPU
		{B4A40C40-2E7B-4125-80C9-5B84D0DEE953}.Debug|Any CPU.ActiveCfg = Debug|Any CPU
		{B4A40C40-2E7B-4125-80C9-5B84D0DEE953}.Debug|Any CPU.Build.0 = Debug|Any CPU
		{B4A40C40-2E7B-4125-80C9-5B84D0DEE953}.Release|Any CPU.ActiveCfg = Release|Any CPU
		{B4A40C40-2E7B-4125-80C9-5B84D0DEE953}.Release|Any CPU.Build.0 = Release|Any CPU
	EndGlobalSection
	GlobalSection(NestedProjects) = preSolution
		{96FCED5E-7E09-43CA-B2D2-54A41F301F53} = {54D29BD2-8E80-4548-8609-34ADE9D4A4F6}
		{B4A40C40-2E7B-4125-80C9-5B84D0DEE953} = {54D29BD2-8E80-4548-8609-34ADE9D4A4F6}
	EndGlobalSection
EndGlobal
